
Microsoft Visual Studio Solution File, Format Version 12.00
# Visual Studio Version 17
VisualStudioVersion = 17.1.32210.238
MinimumVisualStudioVersion = 10.0.40219.1
Project("{FAE04EC0-301F-11D3-BF4B-00C04F79EFBC}") = "modul3_1302201133", "modul3_1302201133\modul3_1302201133.csproj", "{096F3C8D-B728-4298-82D9-9AF07FE93203}"
EndProject
Global
	GlobalSection(SolutionConfigurationPlatforms) = preSolution
		Debug|Any CPU = Debug|Any CPU
		Release|Any CPU = Release|Any CPU
	EndGlobalSection
	GlobalSection(ProjectConfigurationPlatforms) = postSolution
		{096F3C8D-B728-4298-82D9-9AF07FE93203}.Debug|Any CPU.ActiveCfg = Debug|Any CPU
		{096F3C8D-B728-4298-82D9-9AF07FE93203}.Debug|Any CPU.Build.0 = Debug|Any CPU
		{096F3C8D-B728-4298-82D9-9AF07FE93203}.Release|Any CPU.ActiveCfg = Release|Any CPU
		{096F3C8D-B728-4298-82D9-9AF07FE93203}.Release|Any CPU.Build.0 = Release|Any CPU
	EndGlobalSection
	GlobalSection(SolutionProperties) = preSolution
		HideSolutionNode = FALSE
	EndGlobalSection
	GlobalSection(ExtensibilityGlobals) = postSolution
		SolutionGuid = {0F7E9900-1C53-4914-9043-7018C4BF5B0F}
	EndGlobalSection
EndGlobal
